# THIS IS AN AUTOGENERATED FILE. DO NOT EDIT THIS FILE DIRECTLY.
# yarn lockfile v1


"@types/amqplib@^0.5.7":
  version "0.5.7"
  resolved "https://registry.yarnpkg.com/@types/amqplib/-/amqplib-0.5.7.tgz#06e569f367546399b2bd96f393a9cc6c20eb794f"
  dependencies:
    "@types/bluebird" "*"
    "@types/events" "*"
    "@types/node" "*"

"@types/bluebird@*":
  version "3.5.20"
  resolved "https://registry.yarnpkg.com/@types/bluebird/-/bluebird-3.5.20.tgz#f6363172add6f4eabb8cada53ca9af2781e8d6a1"

"@types/events@*":
  version "1.2.0"
  resolved "https://registry.yarnpkg.com/@types/events/-/events-1.2.0.tgz#81a6731ce4df43619e5c8c945383b3e62a89ea86"

"@types/node@*":
  version "10.1.1"
  resolved "https://registry.yarnpkg.com/@types/node/-/node-10.1.1.tgz#ca39d8607fa1fcb146b0530420b93f1dd4802f6c"

"@types/reflect-metadata@^0.1.0":
  version "0.1.0"
  resolved "https://registry.yarnpkg.com/@types/reflect-metadata/-/reflect-metadata-0.1.0.tgz#592805bdf6d63dd7229773218afeba37ac2eab16"
  dependencies:
    reflect-metadata "*"

reflect-metadata@*, reflect-metadata@^0.1.12:
  version "0.1.12"
  resolved "https://registry.yarnpkg.com/reflect-metadata/-/reflect-metadata-0.1.12.tgz#311bf0c6b63cd782f228a81abe146a2bfa9c56f2"

uuid@^3.2.1:
  version "3.2.1"
  resolved "https://registry.yarnpkg.com/uuid/-/uuid-3.2.1.tgz#12c528bb9d58d0b9265d9a2f6f0fe8be17ff1f14"
